
Microsoft Visual Studio Solution File, Format Version 12.00
# Visual Studio Version 17
VisualStudioVersion = 17.3.32825.248
MinimumVisualStudioVersion = 10.0.40219.1
Project("{FAE04EC0-301F-11D3-BF4B-00C04F79EFBC}") = "WinFormsApp2", "WinFormsApp2\WinFormsApp2.csproj", "{F19B8CE3-8CB3-4B3D-BF94-52CC85BCFC98}"
EndProject
Global
	GlobalSection(SolutionConfigurationPlatforms) = preSolution
		Debug|Any CPU = Debug|Any CPU
		Release|Any CPU = Release|Any CPU
	EndGlobalSection
	GlobalSection(ProjectConfigurationPlatforms) = postSolution
		{F19B8CE3-8CB3-4B3D-BF94-52CC85BCFC98}.Debug|Any CPU.ActiveCfg = Debug|Any CPU
		{F19B8CE3-8CB3-4B3D-BF94-52CC85BCFC98}.Debug|Any CPU.Build.0 = Debug|Any CPU
		{F19B8CE3-8CB3-4B3D-BF94-52CC85BCFC98}.Release|Any CPU.ActiveCfg = Release|Any CPU
		{F19B8CE3-8CB3-4B3D-BF94-52CC85BCFC98}.Release|Any CPU.Build.0 = Release|Any CPU
	EndGlobalSection
	GlobalSection(SolutionProperties) = preSolution
		HideSolutionNode = FALSE
	EndGlobalSection
	GlobalSection(ExtensibilityGlobals) = postSolution
		SolutionGuid = {45F08FFD-0A69-43C9-8FCE-10D60E58CDB0}
	EndGlobalSection
EndGlobal
